// !$*UTF8*$!
{
	archiveVersion = 1;
	classes = {
	};
	objectVersion = 56;
	objects = {

/* Begin PBXBuildFile section */
		2FC4F3BD29A18A2B00931DF6 /* PostViewController.swift in Sources */ = {isa = PBXBuildFile; fileRef = 2FC4F3BC29A18A2B00931DF6 /* PostViewController.swift */; };
		2FC4F3BF29A18FC800931DF6 /* PostCell.swift in Sources */ = {isa = PBXBuildFile; fileRef = 2FC4F3BE29A18FC800931DF6 /* PostCell.swift */; };
		2FC4F3C129A1902100931DF6 /* DateFormatter.swift in Sources */ = {isa = PBXBuildFile; fileRef = 2FC4F3C029A1902100931DF6 /* DateFormatter.swift */; };
		2FC4F3C529A19A4100931DF6 /* Alamofire in Frameworks */ = {isa = PBXBuildFile; productRef = 2FC4F3C429A19A4100931DF6 /* Alamofire */; };
		2FC4F3C829A19A6900931DF6 /* AlamofireImage in Frameworks */ = {isa = PBXBuildFile; productRef = 2FC4F3C729A19A6900931DF6 /* AlamofireImage */; };
		2FC4F3CB29A19A9200931DF6 /* ParseSwift in Frameworks */ = {isa = PBXBuildFile; productRef = 2FC4F3CA29A19A9200931DF6 /* ParseSwift */; };
		2FD97183299DA0C5003D846B /* AppDelegate.swift in Sources */ = {isa = PBXBuildFile; fileRef = 2FD97182299DA0C5003D846B /* AppDelegate.swift */; };
		2FD97185299DA0C5003D846B /* SceneDelegate.swift in Sources */ = {isa = PBXBuildFile; fileRef = 2FD97184299DA0C5003D846B /* SceneDelegate.swift */; };
		2FD9718A299DA0C5003D846B /* Main.storyboard in Resources */ = {isa = PBXBuildFile; fileRef = 2FD97188299DA0C5003D846B /* Main.storyboard */; };
		2FD9718C299DA0C6003D846B /* Assets.xcassets in Resources */ = {isa = PBXBuildFile; fileRef = 2FD9718B299DA0C6003D846B /* Assets.xcassets */; };
		2FD9718F299DA0C6003D846B /* LaunchScreen.storyboard in Resources */ = {isa = PBXBuildFile; fileRef = 2FD9718D299DA0C6003D846B /* LaunchScreen.storyboard */; };
		2FD97197299DA0F9003D846B /* LoginViewController.swift in Sources */ = {isa = PBXBuildFile; fileRef = 2FD97196299DA0F9003D846B /* LoginViewController.swift */; };
		2FD97199299DA113003D846B /* SignUpViewController.swift in Sources */ = {isa = PBXBuildFile; fileRef = 2FD97198299DA113003D846B /* SignUpViewController.swift */; };
		2FD9719B299DA12A003D846B /* FeedViewController.swift in Sources */ = {isa = PBXBuildFile; fileRef = 2FD9719A299DA12A003D846B /* FeedViewController.swift */; };
		2FD9719D299DA161003D846B /* User.swift in Sources */ = {isa = PBXBuildFile; fileRef = 2FD9719C299DA161003D846B /* User.swift */; };
		2FD971A0299DA186003D846B /* Post.swift in Sources */ = {isa = PBXBuildFile; fileRef = 2FD9719F299DA186003D846B /* Post.swift */; };
/* End PBXBuildFile section */

/* Begin PBXFileReference section */
		2FC4F3BC29A18A2B00931DF6 /* PostViewController.swift */ = {isa = PBXFileReference; lastKnownFileType = sourcecode.swift; path = PostViewController.swift; sourceTree = "<group>"; };
		2FC4F3BE29A18FC800931DF6 /* PostCell.swift */ = {isa = PBXFileReference; lastKnownFileType = sourcecode.swift; path = PostCell.swift; sourceTree = "<group>"; };
		2FC4F3C029A1902100931DF6 /* DateFormatter.swift */ = {isa = PBXFileReference; lastKnownFileType = sourcecode.swift; path = DateFormatter.swift; sourceTree = "<group>"; };
		2FD9717F299DA0C5003D846B /* BeReal.app */ = {isa = PBXFileReference; explicitFileType = wrapper.application; includeInIndex = 0; path = BeReal.app; sourceTree = BUILT_PRODUCTS_DIR; };
		2FD97182299DA0C5003D846B /* AppDelegate.swift */ = {isa = PBXFileReference; lastKnownFileType = sourcecode.swift; path = AppDelegate.swift; sourceTree = "<group>"; };
		2FD97184299DA0C5003D846B /* SceneDelegate.swift */ = {isa = PBXFileReference; lastKnownFileType = sourcecode.swift; path = SceneDelegate.swift; sourceTree = "<group>"; };
		2FD97189299DA0C5003D846B /* Base */ = {isa = PBXFileReference; lastKnownFileType = file.storyboard; name = Base; path = Base.lproj/Main.storyboard; sourceTree = "<group>"; };
		2FD9718B299DA0C6003D846B /* Assets.xcassets */ = {isa = PBXFileReference; lastKnownFileType = folder.assetcatalog; path = Assets.xcassets; sourceTree = "<group>"; };
		2FD9718E299DA0C6003D846B /* Base */ = {isa = PBXFileReference; lastKnownFileType = file.storyboard; name = Base; path = Base.lproj/LaunchScreen.storyboard; sourceTree = "<group>"; };
		2FD97190299DA0C6003D846B /* Info.plist */ = {isa = PBXFileReference; lastKnownFileType = text.plist.xml; path = Info.plist; sourceTree = "<group>"; };
		2FD97196299DA0F9003D846B /* LoginViewController.swift */ = {isa = PBXFileReference; lastKnownFileType = sourcecode.swift; path = LoginViewController.swift; sourceTree = "<group>"; };
		2FD97198299DA113003D846B /* SignUpViewController.swift */ = {isa = PBXFileReference; lastKnownFileType = sourcecode.swift; path = SignUpViewController.swift; sourceTree = "<group>"; };
		2FD9719A299DA12A003D846B /* FeedViewController.swift */ = {isa = PBXFileReference; lastKnownFileType = sourcecode.swift; path = FeedViewController.swift; sourceTree = "<group>"; };
		2FD9719C299DA161003D846B /* User.swift */ = {isa = PBXFileReference; lastKnownFileType = sourcecode.swift; path = User.swift; sourceTree = "<group>"; };
		2FD9719F299DA186003D846B /* Post.swift */ = {isa = PBXFileReference; lastKnownFileType = sourcecode.swift; path = Post.swift; sourceTree = "<group>"; };
/* End PBXFileReference section */

/* Begin PBXFrameworksBuildPhase section */
		2FD9717C299DA0C5003D846B /* Frameworks */ = {
			isa = PBXFrameworksBuildPhase;
			buildActionMask = 2147483647;
			files = (
				2FC4F3C529A19A4100931DF6 /* Alamofire in Frameworks */,
				2FC4F3CB29A19A9200931DF6 /* ParseSwift in Frameworks */,
				2FC4F3C829A19A6900931DF6 /* AlamofireImage in Frameworks */,
			);
			runOnlyForDeploymentPostprocessing = 0;
		};
/* End PBXFrameworksBuildPhase section */

/* Begin PBXGroup section */
		2FC4F3BB29A18A1000931DF6 /* Post */ = {
			isa = PBXGroup;
			children = (
				2FC4F3BC29A18A2B00931DF6 /* PostViewController.swift */,
			);
			path = Post;
			sourceTree = "<group>";
		};
		2FC4F3C229A1903100931DF6 /* Extensions */ = {
			isa = PBXGroup;
			children = (
				2FC4F3C029A1902100931DF6 /* DateFormatter.swift */,
			);
			path = Extensions;
			sourceTree = "<group>";
		};
		2FD97176299DA0C5003D846B = {
			isa = PBXGroup;
			children = (
				2FD97181299DA0C5003D846B /* BeReal */,
				2FD97180299DA0C5003D846B /* Products */,
			);
			sourceTree = "<group>";
		};
		2FD97180299DA0C5003D846B /* Products */ = {
			isa = PBXGroup;
			children = (
				2FD9717F299DA0C5003D846B /* BeReal.app */,
			);
			name = Products;
			sourceTree = "<group>";
		};
		2FD97181299DA0C5003D846B /* BeReal */ = {
			isa = PBXGroup;
			children = (
				2FD97182299DA0C5003D846B /* AppDelegate.swift */,
				2FD97184299DA0C5003D846B /* SceneDelegate.swift */,
				2FD9719E299DA169003D846B /* Models */,
				2FD971A1299DA24B003D846B /* Login */,
				2FC4F3BB29A18A1000931DF6 /* Post */,
				2FD971A2299DA25C003D846B /* Feed */,
				2FC4F3C229A1903100931DF6 /* Extensions */,
				2FD97188299DA0C5003D846B /* Main.storyboard */,
				2FD9718B299DA0C6003D846B /* Assets.xcassets */,
				2FD9718D299DA0C6003D846B /* LaunchScreen.storyboard */,
				2FD97190299DA0C6003D846B /* Info.plist */,
			);
			path = BeReal;
			sourceTree = "<group>";
		};
		2FD9719E299DA169003D846B /* Models */ = {
			isa = PBXGroup;
			children = (
				2FD9719C299DA161003D846B /* User.swift */,
				2FD9719F299DA186003D846B /* Post.swift */,
			);
			path = Models;
			sourceTree = "<group>";
		};
		2FD971A1299DA24B003D846B /* Login */ = {
			isa = PBXGroup;
			children = (
				2FD97196299DA0F9003D846B /* LoginViewController.swift */,
				2FD97198299DA113003D846B /* SignUpViewController.swift */,
			);
			path = Login;
			sourceTree = "<group>";
		};
		2FD971A2299DA25C003D846B /* Feed */ = {
			isa = PBXGroup;
			children = (
				2FD9719A299DA12A003D846B /* FeedViewController.swift */,
				2FC4F3BE29A18FC800931DF6 /* PostCell.swift */,
			);
			path = Feed;
			sourceTree = "<group>";
		};
/* End PBXGroup section */

/* Begin PBXNativeTarget section */
		2FD9717E299DA0C5003D846B /* BeReal */ = {
			isa = PBXNativeTarget;
			buildConfigurationList = 2FD97193299DA0C6003D846B /* Build configuration list for PBXNativeTarget "BeReal" */;
			buildPhases = (
				2FD9717B299DA0C5003D846B /* Sources */,
				2FD9717C299DA0C5003D846B /* Frameworks */,
				2FD9717D299DA0C5003D846B /* Resources */,
			);
			buildRules = (
			);
			dependencies = (
			);
			name = BeReal;
			packageProductDependencies = (
				2FC4F3C429A19A4100931DF6 /* Alamofire */,
				2FC4F3C729A19A6900931DF6 /* AlamofireImage */,
				2FC4F3CA29A19A9200931DF6 /* ParseSwift */,
			);
			productName = BeReal;
			productReference = 2FD9717F299DA0C5003D846B /* BeReal.app */;
			productType = "com.apple.product-type.application";
		};
/* End PBXNativeTarget section */

/* Begin PBXProject section */
		2FD97177299DA0C5003D846B /* Project object */ = {
			isa = PBXProject;
			attributes = {
				BuildIndependentTargetsInParallel = 1;
				LastSwiftUpdateCheck = 1420;
				LastUpgradeCheck = 1420;
				TargetAttributes = {
					2FD9717E299DA0C5003D846B = {
						CreatedOnToolsVersion = 14.2;
					};
				};
			};
			buildConfigurationList = 2FD9717A299DA0C5003D846B /* Build configuration list for PBXProject "BeReal" */;
			compatibilityVersion = "Xcode 14.0";
			developmentRegion = en;
			hasScannedForEncodings = 0;
			knownRegions = (
				en,
				Base,
			);
			mainGroup = 2FD97176299DA0C5003D846B;
			packageReferences = (
				2FC4F3C329A19A4100931DF6 /* XCRemoteSwiftPackageReference "Alamofire" */,
				2FC4F3C629A19A6900931DF6 /* XCRemoteSwiftPackageReference "AlamofireImage" */,
				2FC4F3C929A19A9200931DF6 /* XCRemoteSwiftPackageReference "Parse-Swift" */,
			);
			productRefGroup = 2FD97180299DA0C5003D846B /* Products */;
			projectDirPath = "";
			projectRoot = "";
			targets = (
				2FD9717E299DA0C5003D846B /* BeReal */,
			);
		};
/* End PBXProject section */

/* Begin PBXResourcesBuildPhase section */
		2FD9717D299DA0C5003D846B /* Resources */ = {
			isa = PBXResourcesBuildPhase;
			buildActionMask = 2147483647;
			files = (
				2FD9718F299DA0C6003D846B /* LaunchScreen.storyboard in Resources */,
				2FD9718C299DA0C6003D846B /* Assets.xcassets in Resources */,
				2FD9718A299DA0C5003D846B /* Main.storyboard in Resources */,
			);
			runOnlyForDeploymentPostprocessing = 0;
		};
/* End PBXResourcesBuildPhase section */

/* Begin PBXSourcesBuildPhase section */
		2FD9717B299DA0C5003D846B /* Sources */ = {
			isa = PBXSourcesBuildPhase;
			buildActionMask = 2147483647;
			files = (
				2FC4F3BD29A18A2B00931DF6 /* PostViewController.swift in Sources */,
				2FD97197299DA0F9003D846B /* LoginViewController.swift in Sources */,
				2FD97183299DA0C5003D846B /* AppDelegate.swift in Sources */,
				2FD971A0299DA186003D846B /* Post.swift in Sources */,
				2FC4F3C129A1902100931DF6 /* DateFormatter.swift in Sources */,
				2FD97185299DA0C5003D846B /* SceneDelegate.swift in Sources */,
				2FD9719B299DA12A003D846B /* FeedViewController.swift in Sources */,
				2FD97199299DA113003D846B /* SignUpViewController.swift in Sources */,
				2FD9719D299DA161003D846B /* User.swift in Sources */,
				2FC4F3BF29A18FC800931DF6 /* PostCell.swift in Sources */,
			);
			runOnlyForDeploymentPostprocessing = 0;
		};
/* End PBXSourcesBuildPhase section */

/* Begin PBXVariantGroup section */
		2FD97188299DA0C5003D846B /* Main.storyboard */ = {
			isa = PBXVariantGroup;
			children = (
				2FD97189299DA0C5003D846B /* Base */,
			);
			name = Main.storyboard;
			sourceTree = "<group>";
		};
		2FD9718D299DA0C6003D846B /* LaunchScreen.storyboard */ = {
			isa = PBXVariantGroup;
			children = (
				2FD9718E299DA0C6003D846B /* Base */,
			);
			name = LaunchScreen.storyboard;
			sourceTree = "<group>";
		};
/* End PBXVariantGroup section */

/* Begin XCBuildConfiguration section */
		2FD97191299DA0C6003D846B /* Debug */ = {
			isa = XCBuildConfiguration;
			buildSettings = {
				ALWAYS_SEARCH_USER_PATHS = NO;
				CLANG_ANALYZER_NONNULL = YES;
				CLANG_ANALYZER_NUMBER_OBJECT_CONVERSION = YES_AGGRESSIVE;
				CLANG_CXX_LANGUAGE_STANDARD = "gnu++20";
				CLANG_ENABLE_MODULES = YES;
				CLANG_ENABLE_OBJC_ARC = YES;
				CLANG_ENABLE_OBJC_WEAK = YES;
				CLANG_WARN_BLOCK_CAPTURE_AUTORELEASING = YES;
				CLANG_WARN_BOOL_CONVERSION = YES;
				CLANG_WARN_COMMA = YES;
				CLANG_WARN_CONSTANT_CONVERSION = YES;
				CLANG_WARN_DEPRECATED_OBJC_IMPLEMENTATIONS = YES;
				CLANG_WARN_DIRECT_OBJC_ISA_USAGE = YES_ERROR;
				CLANG_WARN_DOCUMENTATION_COMMENTS = YES;
				CLANG_WARN_EMPTY_BODY = YES;
				CLANG_WARN_ENUM_CONVERSION = YES;
				CLANG_WARN_INFINITE_RECURSION = YES;
				CLANG_WARN_INT_CONVERSION = YES;
				CLANG_WARN_NON_LITERAL_NULL_CONVERSION = YES;
				CLANG_WARN_OBJC_IMPLICIT_RETAIN_SELF = YES;
				CLANG_WARN_OBJC_LITERAL_CONVERSION = YES;
				CLANG_WARN_OBJC_ROOT_CLASS = YES_ERROR;
				CLANG_WARN_QUOTED_INCLUDE_IN_FRAMEWORK_HEADER = YES;
				CLANG_WARN_RANGE_LOOP_ANALYSIS = YES;
				CLANG_WARN_STRICT_PROTOTYPES = YES;
				CLANG_WARN_SUSPICIOUS_MOVE = YES;
				CLANG_WARN_UNGUARDED_AVAILABILITY = YES_AGGRESSIVE;
				CLANG_WARN_UNREACHABLE_CODE = YES;
				CLANG_WARN__DUPLICATE_METHOD_MATCH = YES;
				COPY_PHASE_STRIP = NO;
				DEBUG_INFORMATION_FORMAT = dwarf;
				ENABLE_STRICT_OBJC_MSGSEND = YES;
				ENABLE_TESTABILITY = YES;
				GCC_C_LANGUAGE_STANDARD = gnu11;
				GCC_DYNAMIC_NO_PIC = NO;
				GCC_NO_COMMON_BLOCKS = YES;
				GCC_OPTIMIZATION_LEVEL = 0;
				GCC_PREPROCESSOR_DEFINITIONS = (
					"DEBUG=1",
					"$(inherited)",
				);
				GCC_WARN_64_TO_32_BIT_CONVERSION = YES;
				GCC_WARN_ABOUT_RETURN_TYPE = YES_ERROR;
				GCC_WARN_UNDECLARED_SELECTOR = YES;
				GCC_WARN_UNINITIALIZED_AUTOS = YES_AGGRESSIVE;
				GCC_WARN_UNUSED_FUNCTION = YES;
				GCC_WARN_UNUSED_VARIABLE = YES;
				IPHONEOS_DEPLOYMENT_TARGET = 16.2;
				MTL_ENABLE_DEBUG_INFO = INCLUDE_SOURCE;
				MTL_FAST_MATH = YES;
				ONLY_ACTIVE_ARCH = YES;
				SDKROOT = iphoneos;
				SWIFT_ACTIVE_COMPILATION_CONDITIONS = DEBUG;
				SWIFT_OPTIMIZATION_LEVEL = "-Onone";
			};
			name = Debug;
		};
		2FD97192299DA0C6003D846B /* Release */ = {
			isa = XCBuildConfiguration;
			buildSettings = {
				ALWAYS_SEARCH_USER_PATHS = NO;
				CLANG_ANALYZER_NONNULL = YES;
				CLANG_ANALYZER_NUMBER_OBJECT_CONVERSION = YES_AGGRESSIVE;
				CLANG_CXX_LANGUAGE_STANDARD = "gnu++20";
				CLANG_ENABLE_MODULES = YES;
				CLANG_ENABLE_OBJC_ARC = YES;
				CLANG_ENABLE_OBJC_WEAK = YES;
				CLANG_WARN_BLOCK_CAPTURE_AUTORELEASING = YES;
				CLANG_WARN_BOOL_CONVERSION = YES;
				CLANG_WARN_COMMA = YES;
				CLANG_WARN_CONSTANT_CONVERSION = YES;
				CLANG_WARN_DEPRECATED_OBJC_IMPLEMENTATIONS = YES;
				CLANG_WARN_DIRECT_OBJC_ISA_USAGE = YES_ERROR;
				CLANG_WARN_DOCUMENTATION_COMMENTS = YES;
				CLANG_WARN_EMPTY_BODY = YES;
				CLANG_WARN_ENUM_CONVERSION = YES;
				CLANG_WARN_INFINITE_RECURSION = YES;
				CLANG_WARN_INT_CONVERSION = YES;
				CLANG_WARN_NON_LITERAL_NULL_CONVERSION = YES;
				CLANG_WARN_OBJC_IMPLICIT_RETAIN_SELF = YES;
				CLANG_WARN_OBJC_LITERAL_CONVERSION = YES;
				CLANG_WARN_OBJC_ROOT_CLASS = YES_ERROR;
				CLANG_WARN_QUOTED_INCLUDE_IN_FRAMEWORK_HEADER = YES;
				CLANG_WARN_RANGE_LOOP_ANALYSIS = YES;
				CLANG_WARN_STRICT_PROTOTYPES = YES;
				CLANG_WARN_SUSPICIOUS_MOVE = YES;
				CLANG_WARN_UNGUARDED_AVAILABILITY = YES_AGGRESSIVE;
				CLANG_WARN_UNREACHABLE_CODE = YES;
				CLANG_WARN__DUPLICATE_METHOD_MATCH = YES;
				COPY_PHASE_STRIP = NO;
				DEBUG_INFORMATION_FORMAT = "dwarf-with-dsym";
				ENABLE_NS_ASSERTIONS = NO;
				ENABLE_STRICT_OBJC_MSGSEND = YES;
				GCC_C_LANGUAGE_STANDARD = gnu11;
				GCC_NO_COMMON_BLOCKS = YES;
				GCC_WARN_64_TO_32_BIT_CONVERSION = YES;
				GCC_WARN_ABOUT_RETURN_TYPE = YES_ERROR;
				GCC_WARN_UNDECLARED_SELECTOR = YES;
				GCC_WARN_UNINITIALIZED_AUTOS = YES_AGGRESSIVE;
				GCC_WARN_UNUSED_FUNCTION = YES;
				GCC_WARN_UNUSED_VARIABLE = YES;
				IPHONEOS_DEPLOYMENT_TARGET = 16.2;
				MTL_ENABLE_DEBUG_INFO = NO;
				MTL_FAST_MATH = YES;
				SDKROOT = iphoneos;
				SWIFT_COMPILATION_MODE = wholemodule;
				SWIFT_OPTIMIZATION_LEVEL = "-O";
				VALIDATE_PRODUCT = YES;
			};
			name = Release;
		};
		2FD97194299DA0C6003D846B /* Debug */ = {
			isa = XCBuildConfiguration;
			buildSettings = {
				ASSETCATALOG_COMPILER_APPICON_NAME = AppIcon;
				ASSETCATALOG_COMPILER_GLOBAL_ACCENT_COLOR_NAME = AccentColor;
				CODE_SIGN_STYLE = Automatic;
				CURRENT_PROJECT_VERSION = 1;
				DEVELOPMENT_TEAM = BDYB7B4BF2;
				GENERATE_INFOPLIST_FILE = YES;
				INFOPLIST_FILE = BeReal/Info.plist;
				INFOPLIST_KEY_UIApplicationSupportsIndirectInputEvents = YES;
				INFOPLIST_KEY_UILaunchStoryboardName = LaunchScreen;
				INFOPLIST_KEY_UIMainStoryboardFile = Main;
				INFOPLIST_KEY_UISupportedInterfaceOrientations_iPad = "UIInterfaceOrientationPortrait UIInterfaceOrientationPortraitUpsideDown UIInterfaceOrientationLandscapeLeft UIInterfaceOrientationLandscapeRight";
				INFOPLIST_KEY_UISupportedInterfaceOrientations_iPhone = "UIInterfaceOrientationPortrait UIInterfaceOrientationLandscapeLeft UIInterfaceOrientationLandscapeRight";
				LD_RUNPATH_SEARCH_PATHS = (
					"$(inherited)",
					"@executable_path/Frameworks",
				);
				MARKETING_VERSION = 1.0;
				PRODUCT_BUNDLE_IDENTIFIER = IOSDev.BeReal;
				PRODUCT_NAME = "$(TARGET_NAME)";
				SWIFT_EMIT_LOC_STRINGS = YES;
				SWIFT_VERSION = 5.0;
				TARGETED_DEVICE_FAMILY = "1,2";
			};
			name = Debug;
		};
		2FD97195299DA0C6003D846B /* Release */ = {
			isa = XCBuildConfiguration;
			buildSettings = {
				ASSETCATALOG_COMPILER_APPICON_NAME = AppIcon;
				ASSETCATALOG_COMPILER_GLOBAL_ACCENT_COLOR_NAME = AccentColor;
				CODE_SIGN_STYLE = Automatic;
				CURRENT_PROJECT_VERSION = 1;
				DEVELOPMENT_TEAM = BDYB7B4BF2;
				GENERATE_INFOPLIST_FILE = YES;
				INFOPLIST_FILE = BeReal/Info.plist;
				INFOPLIST_KEY_UIApplicationSupportsIndirectInputEvents = YES;
				INFOPLIST_KEY_UILaunchStoryboardName = LaunchScreen;
				INFOPLIST_KEY_UIMainStoryboardFile = Main;
				INFOPLIST_KEY_UISupportedInterfaceOrientations_iPad = "UIInterfaceOrientationPortrait UIInterfaceOrientationPortraitUpsideDown UIInterfaceOrientationLandscapeLeft UIInterfaceOrientationLandscapeRight";
				INFOPLIST_KEY_UISupportedInterfaceOrientations_iPhone = "UIInterfaceOrientationPortrait UIInterfaceOrientationLandscapeLeft UIInterfaceOrientationLandscapeRight";
				LD_RUNPATH_SEARCH_PATHS = (
					"$(inherited)",
					"@executable_path/Frameworks",
				);
				MARKETING_VERSION = 1.0;
				PRODUCT_BUNDLE_IDENTIFIER = IOSDev.BeReal;
				PRODUCT_NAME = "$(TARGET_NAME)";
				SWIFT_EMIT_LOC_STRINGS = YES;
				SWIFT_VERSION = 5.0;
				TARGETED_DEVICE_FAMILY = "1,2";
			};
			name = Release;
		};
/* End XCBuildConfiguration section */

/* Begin XCConfigurationList section */
		2FD9717A299DA0C5003D846B /* Build configuration list for PBXProject "BeReal" */ = {
			isa = XCConfigurationList;
			buildConfigurations = (
				2FD97191299DA0C6003D846B /* Debug */,
				2FD97192299DA0C6003D846B /* Release */,
			);
			defaultConfigurationIsVisible = 0;
			defaultConfigurationName = Release;
		};
		2FD97193299DA0C6003D846B /* Build configuration list for PBXNativeTarget "BeReal" */ = {
			isa = XCConfigurationList;
			buildConfigurations = (
				2FD97194299DA0C6003D846B /* Debug */,
				2FD97195299DA0C6003D846B /* Release */,
			);
			defaultConfigurationIsVisible = 0;
			defaultConfigurationName = Release;
		};
/* End XCConfigurationList section */

/* Begin XCRemoteSwiftPackageReference section */
		2FC4F3C329A19A4100931DF6 /* XCRemoteSwiftPackageReference "Alamofire" */ = {
			isa = XCRemoteSwiftPackageReference;
			repositoryURL = "https://github.com/Alamofire/Alamofire.git";
			requirement = {
				kind = upToNextMajorVersion;
				minimumVersion = 5.6.1;
			};
		};
		2FC4F3C629A19A6900931DF6 /* XCRemoteSwiftPackageReference "AlamofireImage" */ = {
			isa = XCRemoteSwiftPackageReference;
			repositoryURL = "https://github.com/Alamofire/AlamofireImage.git";
			requirement = {
				kind = upToNextMajorVersion;
				minimumVersion = 4.2.0;
			};
		};
		2FC4F3C929A19A9200931DF6 /* XCRemoteSwiftPackageReference "Parse-Swift" */ = {
			isa = XCRemoteSwiftPackageReference;
			repositoryURL = "https://github.com/parse-community/Parse-Swift";
			requirement = {
				kind = upToNextMajorVersion;
				minimumVersion = 4.0.0;
			};
		};
/* End XCRemoteSwiftPackageReference section */

/* Begin XCSwiftPackageProductDependency section */
		2FC4F3C429A19A4100931DF6 /* Alamofire */ = {
			isa = XCSwiftPackageProductDependency;
			package = 2FC4F3C329A19A4100931DF6 /* XCRemoteSwiftPackageReference "Alamofire" */;
			productName = Alamofire;
		};
		2FC4F3C729A19A6900931DF6 /* AlamofireImage */ = {
			isa = XCSwiftPackageProductDependency;
			package = 2FC4F3C629A19A6900931DF6 /* XCRemoteSwiftPackageReference "AlamofireImage" */;
			productName = AlamofireImage;
		};
		2FC4F3CA29A19A9200931DF6 /* ParseSwift */ = {
			isa = XCSwiftPackageProductDependency;
			package = 2FC4F3C929A19A9200931DF6 /* XCRemoteSwiftPackageReference "Parse-Swift" */;
			productName = ParseSwift;
		};
/* End XCSwiftPackageProductDependency section */
	};
	rootObject = 2FD97177299DA0C5003D846B /* Project object */;
}
